PODS:
  - Alamofire (5.0.0.beta.1)
  - Eureka (4.3.0)
  - FLAnimatedImage (1.0.12)
  - KeychainAccess (3.1.2)
  - KTVJSONWebToken (2.1.0)
  - NVActivityIndicatorView (4.4.1):
    - NVActivityIndicatorView/Presenter (= 4.4.1)
  - NVActivityIndicatorView/Presenter (4.4.1)
  - ObjectMapper (3.4.1)
  - SDWebImage/Core (4.4.3)
  - SDWebImage/GIF (4.4.3):
    - FLAnimatedImage (~> 1.0)
    - SDWebImage/Core

DEPENDENCIES:
  - Alamofire (~> 5.0.0-beta.1)
  - Eureka
  - KeychainAccess
  - KTVJSONWebToken
  - NVActivityIndicatorView
  - ObjectMapper (~> 3.4)
  - SDWebImage/GIF

SPEC REPOS:
  https://github.com/cocoapods/specs.git:
    - Alamofire
    - Eureka
    - FLAnimatedImage
    - KeychainAccess
    - KTVJSONWebToken
    - NVActivityIndicatorView
    - ObjectMapper
    - SDWebImage

SPEC CHECKSUMS:
  Alamofire: 2ef6d6c984c5d21c366e9b41a9ae7dfee2b67a44
  Eureka: 6d711cb30ca333b4bc893110285a722ae3840114
  FLAnimatedImage: 4a0b56255d9b05f18b6dd7ee06871be5d3b89e31
  KeychainAccess: b3816fddcf28aa29d94b10ec305cd52be14c472b
  KTVJSONWebToken: c3cc06e26876d63c62a5c40c5e89939899de48cf
  NVActivityIndicatorView: f0a6b0ed2973d9544da268f4eb76696f0a9577b0
  ObjectMapper: 5311bd50ca732930959e7ca1a2de43ab823a5ced
  SDWebImage: c5594f1a19c48d526d321e548902b56b479cd508

PODFILE CHECKSUM: f2b7c23ff5b1e12d1760dee51a70c36e1771aa16

COCOAPODS: 1.5.3
